// !$*UTF8*$!
{
	archiveVersion = 1;
	classes = {
	};
	objectVersion = 46;
	objects = {

/* Begin PBXBuildFile section */
		3E156836217BC51500484A24 /* ColorControl.swift in Sources */ = {isa = PBXBuildFile; fileRef = 3E156835217BC51500484A24 /* ColorControl.swift */; };
		3E5925A4217B4087000E65A8 /* DrawModeViewController.swift in Sources */ = {isa = PBXBuildFile; fileRef = 3E5925A3217B4087000E65A8 /* DrawModeViewController.swift */; };
		3E5925A6217B4AE3000E65A8 /* PreviewScreenViewController.swift in Sources */ = {isa = PBXBuildFile; fileRef = 3E5925A5217B4AE3000E65A8 /* PreviewScreenViewController.swift */; };
		3E5925A8217B4B47000E65A8 /* DrawScreenViewController.swift in Sources */ = {isa = PBXBuildFile; fileRef = 3E5925A7217B4B47000E65A8 /* DrawScreenViewController.swift */; };
		3E5925AA217B80D7000E65A8 /* DrawAreaView.swift in Sources */ = {isa = PBXBuildFile; fileRef = 3E5925A9217B80D7000E65A8 /* DrawAreaView.swift */; };
		3E5925AC217B83C3000E65A8 /* Line.swift in Sources */ = {isa = PBXBuildFile; fileRef = 3E5925AB217B83C3000E65A8 /* Line.swift */; };
		3E5925AE217BA6C1000E65A8 /* Color.swift in Sources */ = {isa = PBXBuildFile; fileRef = 3E5925AD217BA6C1000E65A8 /* Color.swift */; };
		3E8116F8217B202B0008DBE1 /* AppDelegate.swift in Sources */ = {isa = PBXBuildFile; fileRef = 3E8116F7217B202B0008DBE1 /* AppDelegate.swift */; };
		3E8116FF217B202B0008DBE1 /* Main.storyboard in Resources */ = {isa = PBXBuildFile; fileRef = 3E8116FD217B202B0008DBE1 /* Main.storyboard */; };
		3E811701217B202B0008DBE1 /* Assets.xcassets in Resources */ = {isa = PBXBuildFile; fileRef = 3E811700217B202B0008DBE1 /* Assets.xcassets */; };
		3E811704217B202B0008DBE1 /* LaunchScreen.storyboard in Resources */ = {isa = PBXBuildFile; fileRef = 3E811702217B202B0008DBE1 /* LaunchScreen.storyboard */; };
		3E81170F217B202C0008DBE1 /* SimpleDrawingTests.swift in Sources */ = {isa = PBXBuildFile; fileRef = 3E81170E217B202C0008DBE1 /* SimpleDrawingTests.swift */; };
		3E81171A217B202C0008DBE1 /* SimpleDrawingUITests.swift in Sources */ = {isa = PBXBuildFile; fileRef = 3E811719217B202C0008DBE1 /* SimpleDrawingUITests.swift */; };
		3E811728217B2BED0008DBE1 /* DrawViewController.swift in Sources */ = {isa = PBXBuildFile; fileRef = 3E811727217B2BED0008DBE1 /* DrawViewController.swift */; };
		3E81172A217B2C050008DBE1 /* HistoryViewController.swift in Sources */ = {isa = PBXBuildFile; fileRef = 3E811729217B2C050008DBE1 /* HistoryViewController.swift */; };
/* End PBXBuildFile section */

/* Begin PBXContainerItemProxy section */
		3E81170B217B202C0008DBE1 /* PBXContainerItemProxy */ = {
			isa = PBXContainerItemProxy;
			containerPortal = 3E8116EC217B202B0008DBE1 /* Project object */;
			proxyType = 1;
			remoteGlobalIDString = 3E8116F3217B202B0008DBE1;
			remoteInfo = SimpleDrawing;
		};
		3E811716217B202C0008DBE1 /* PBXContainerItemProxy */ = {
			isa = PBXContainerItemProxy;
			containerPortal = 3E8116EC217B202B0008DBE1 /* Project object */;
			proxyType = 1;
			remoteGlobalIDString = 3E8116F3217B202B0008DBE1;
			remoteInfo = SimpleDrawing;
		};
/* End PBXContainerItemProxy section */

/* Begin PBXFileReference section */
		3E156835217BC51500484A24 /* ColorControl.swift */ = {isa = PBXFileReference; fileEncoding = 4; lastKnownFileType = sourcecode.swift; path = ColorControl.swift; sourceTree = "<group>"; };
		3E5925A3217B4087000E65A8 /* DrawModeViewController.swift */ = {isa = PBXFileReference; fileEncoding = 4; lastKnownFileType = sourcecode.swift; path = DrawModeViewController.swift; sourceTree = "<group>"; };
		3E5925A5217B4AE3000E65A8 /* PreviewScreenViewController.swift */ = {isa = PBXFileReference; fileEncoding = 4; lastKnownFileType = sourcecode.swift; path = PreviewScreenViewController.swift; sourceTree = "<group>"; };
		3E5925A7217B4B47000E65A8 /* DrawScreenViewController.swift */ = {isa = PBXFileReference; fileEncoding = 4; lastKnownFileType = sourcecode.swift; path = DrawScreenViewController.swift; sourceTree = "<group>"; };
		3E5925A9217B80D7000E65A8 /* DrawAreaView.swift */ = {isa = PBXFileReference; fileEncoding = 4; lastKnownFileType = sourcecode.swift; path = DrawAreaView.swift; sourceTree = "<group>"; };
		3E5925AB217B83C3000E65A8 /* Line.swift */ = {isa = PBXFileReference; fileEncoding = 4; lastKnownFileType = sourcecode.swift; path = Line.swift; sourceTree = "<group>"; };
		3E5925AD217BA6C1000E65A8 /* Color.swift */ = {isa = PBXFileReference; fileEncoding = 4; lastKnownFileType = sourcecode.swift; path = Color.swift; sourceTree = "<group>"; };
		3E8116F4217B202B0008DBE1 /* SimpleDrawing.app */ = {isa = PBXFileReference; explicitFileType = wrapper.application; includeInIndex = 0; path = SimpleDrawing.app; sourceTree = BUILT_PRODUCTS_DIR; };
		3E8116F7217B202B0008DBE1 /* AppDelegate.swift */ = {isa = PBXFileReference; lastKnownFileType = sourcecode.swift; path = AppDelegate.swift; sourceTree = "<group>"; };
		3E8116FE217B202B0008DBE1 /* Base */ = {isa = PBXFileReference; lastKnownFileType = file.storyboard; name = Base; path = Base.lproj/Main.storyboard; sourceTree = "<group>"; };
		3E811700217B202B0008DBE1 /* Assets.xcassets */ = {isa = PBXFileReference; lastKnownFileType = folder.assetcatalog; path = Assets.xcassets; sourceTree = "<group>"; };
		3E811703217B202B0008DBE1 /* Base */ = {isa = PBXFileReference; lastKnownFileType = file.storyboard; name = Base; path = Base.lproj/LaunchScreen.storyboard; sourceTree = "<group>"; };
		3E811705217B202C0008DBE1 /* Info.plist */ = {isa = PBXFileReference; lastKnownFileType = text.plist.xml; path = Info.plist; sourceTree = "<group>"; };
		3E81170A217B202C0008DBE1 /* SimpleDrawingTests.xctest */ = {isa = PBXFileReference; explicitFileType = wrapper.cfbundle; includeInIndex = 0; path = SimpleDrawingTests.xctest; sourceTree = BUILT_PRODUCTS_DIR; };
		3E81170E217B202C0008DBE1 /* SimpleDrawingTests.swift */ = {isa = PBXFileReference; lastKnownFileType = sourcecode.swift; path = SimpleDrawingTests.swift; sourceTree = "<group>"; };
		3E811710217B202C0008DBE1 /* Info.plist */ = {isa = PBXFileReference; lastKnownFileType = text.plist.xml; path = Info.plist; sourceTree = "<group>"; };
		3E811715217B202C0008DBE1 /* SimpleDrawingUITests.xctest */ = {isa = PBXFileReference; explicitFileType = wrapper.cfbundle; includeInIndex = 0; path = SimpleDrawingUITests.xctest; sourceTree = BUILT_PRODUCTS_DIR; };
		3E811719217B202C0008DBE1 /* SimpleDrawingUITests.swift */ = {isa = PBXFileReference; lastKnownFileType = sourcecode.swift; path = SimpleDrawingUITests.swift; sourceTree = "<group>"; };
		3E81171B217B202C0008DBE1 /* Info.plist */ = {isa = PBXFileReference; lastKnownFileType = text.plist.xml; path = Info.plist; sourceTree = "<group>"; };
		3E811727217B2BED0008DBE1 /* DrawViewController.swift */ = {isa = PBXFileReference; fileEncoding = 4; lastKnownFileType = sourcecode.swift; path = DrawViewController.swift; sourceTree = "<group>"; };
		3E811729217B2C050008DBE1 /* HistoryViewController.swift */ = {isa = PBXFileReference; fileEncoding = 4; lastKnownFileType = sourcecode.swift; path = HistoryViewController.swift; sourceTree = "<group>"; };
/* End PBXFileReference section */

/* Begin PBXFrameworksBuildPhase section */
		3E8116F1217B202B0008DBE1 /* Frameworks */ = {
			isa = PBXFrameworksBuildPhase;
			buildActionMask = 2147483647;
			files = (
			);
			runOnlyForDeploymentPostprocessing = 0;
		};
		3E811707217B202C0008DBE1 /* Frameworks */ = {
			isa = PBXFrameworksBuildPhase;
			buildActionMask = 2147483647;
			files = (
			);
			runOnlyForDeploymentPostprocessing = 0;
		};
		3E811712217B202C0008DBE1 /* Frameworks */ = {
			isa = PBXFrameworksBuildPhase;
			buildActionMask = 2147483647;
			files = (
			);
			runOnlyForDeploymentPostprocessing = 0;
		};
/* End PBXFrameworksBuildPhase section */

/* Begin PBXGroup section */
		3E156837217C498400484A24 /* New Group */ = {
			isa = PBXGroup;
			children = (
			);
			name = "New Group";
			sourceTree = "<group>";
		};
		3E156838217C498E00484A24 /* New Group1 */ = {
			isa = PBXGroup;
			children = (
			);
			name = "New Group1";
			sourceTree = "<group>";
		};
		3E156839217C499E00484A24 /* New Group2 */ = {
			isa = PBXGroup;
			children = (
			);
			name = "New Group2";
			sourceTree = "<group>";
		};
		3E15683A217C4A0300484A24 /* New Group3 */ = {
			isa = PBXGroup;
			children = (
			);
			name = "New Group3";
			sourceTree = "<group>";
		};
		3E8116EB217B202B0008DBE1 = {
			isa = PBXGroup;
			children = (
				3E8116F6217B202B0008DBE1 /* SimpleDrawing */,
				3E81170D217B202C0008DBE1 /* SimpleDrawingTests */,
				3E811718217B202C0008DBE1 /* SimpleDrawingUITests */,
				3E8116F5217B202B0008DBE1 /* Products */,
			);
			sourceTree = "<group>";
		};
		3E8116F5217B202B0008DBE1 /* Products */ = {
			isa = PBXGroup;
			children = (
				3E8116F4217B202B0008DBE1 /* SimpleDrawing.app */,
				3E81170A217B202C0008DBE1 /* SimpleDrawingTests.xctest */,
				3E811715217B202C0008DBE1 /* SimpleDrawingUITests.xctest */,
			);
			name = Products;
			sourceTree = "<group>";
		};
		3E8116F6217B202B0008DBE1 /* SimpleDrawing */ = {
			isa = PBXGroup;
			children = (
				3E15683A217C4A0300484A24 /* New Group3 */,
				3E156839217C499E00484A24 /* New Group2 */,
				3E156838217C498E00484A24 /* New Group1 */,
				3E156837217C498400484A24 /* New Group */,
				3E8116F7217B202B0008DBE1 /* AppDelegate.swift */,
				3E8116FD217B202B0008DBE1 /* Main.storyboard */,
				3E811700217B202B0008DBE1 /* Assets.xcassets */,
				3E811702217B202B0008DBE1 /* LaunchScreen.storyboard */,
				3E811705217B202C0008DBE1 /* Info.plist */,
				3E811727217B2BED0008DBE1 /* DrawViewController.swift */,
				3E811729217B2C050008DBE1 /* HistoryViewController.swift */,
				3E5925A3217B4087000E65A8 /* DrawModeViewController.swift */,
				3E5925A5217B4AE3000E65A8 /* PreviewScreenViewController.swift */,
				3E5925A7217B4B47000E65A8 /* DrawScreenViewController.swift */,
				3E5925A9217B80D7000E65A8 /* DrawAreaView.swift */,
				3E5925AB217B83C3000E65A8 /* Line.swift */,
				3E5925AD217BA6C1000E65A8 /* Color.swift */,
				3E156835217BC51500484A24 /* ColorControl.swift */,
			);
			path = SimpleDrawing;
			sourceTree = "<group>";
		};
		3E81170D217B202C0008DBE1 /* SimpleDrawingTests */ = {
			isa = PBXGroup;
			children = (
				3E81170E217B202C0008DBE1 /* SimpleDrawingTests.swift */,
				3E811710217B202C0008DBE1 /* Info.plist */,
			);
			path = SimpleDrawingTests;
			sourceTree = "<group>";
		};
		3E811718217B202C0008DBE1 /* SimpleDrawingUITests */ = {
			isa = PBXGroup;
			children = (
				3E811719217B202C0008DBE1 /* SimpleDrawingUITests.swift */,
				3E81171B217B202C0008DBE1 /* Info.plist */,
			);
			path = SimpleDrawingUITests;
			sourceTree = "<group>";
		};
/* End PBXGroup section */

/* Begin PBXNativeTarget section */
		3E8116F3217B202B0008DBE1 /* SimpleDrawing */ = {
			isa = PBXNativeTarget;
			buildConfigurationList = 3E81171E217B202C0008DBE1 /* Build configuration list for PBXNativeTarget "SimpleDrawing" */;
			buildPhases = (
				3E8116F0217B202B0008DBE1 /* Sources */,
				3E8116F1217B202B0008DBE1 /* Frameworks */,
				3E8116F2217B202B0008DBE1 /* Resources */,
			);
			buildRules = (
			);
			dependencies = (
			);
			name = SimpleDrawing;
			productName = SimpleDrawing;
			productReference = 3E8116F4217B202B0008DBE1 /* SimpleDrawing.app */;
			productType = "com.apple.product-type.application";
		};
		3E811709217B202C0008DBE1 /* SimpleDrawingTests */ = {
			isa = PBXNativeTarget;
			buildConfigurationList = 3E811721217B202C0008DBE1 /* Build configuration list for PBXNativeTarget "SimpleDrawingTests" */;
			buildPhases = (
				3E811706217B202C0008DBE1 /* Sources */,
				3E811707217B202C0008DBE1 /* Frameworks */,
				3E811708217B202C0008DBE1 /* Resources */,
			);
			buildRules = (
			);
			dependencies = (
				3E81170C217B202C0008DBE1 /* PBXTargetDependency */,
			);
			name = SimpleDrawingTests;
			productName = SimpleDrawingTests;
			productReference = 3E81170A217B202C0008DBE1 /* SimpleDrawingTests.xctest */;
			productType = "com.apple.product-type.bundle.unit-test";
		};
		3E811714217B202C0008DBE1 /* SimpleDrawingUITests */ = {
			isa = PBXNativeTarget;
			buildConfigurationList = 3E811724217B202C0008DBE1 /* Build configuration list for PBXNativeTarget "SimpleDrawingUITests" */;
			buildPhases = (
				3E811711217B202C0008DBE1 /* Sources */,
				3E811712217B202C0008DBE1 /* Frameworks */,
				3E811713217B202C0008DBE1 /* Resources */,
			);
			buildRules = (
			);
			dependencies = (
				3E811717217B202C0008DBE1 /* PBXTargetDependency */,
			);
			name = SimpleDrawingUITests;
			productName = SimpleDrawingUITests;
			productReference = 3E811715217B202C0008DBE1 /* SimpleDrawingUITests.xctest */;
			productType = "com.apple.product-type.bundle.ui-testing";
		};
/* End PBXNativeTarget section */

/* Begin PBXProject section */
		3E8116EC217B202B0008DBE1 /* Project object */ = {
			isa = PBXProject;
			attributes = {
				LastSwiftUpdateCheck = 0800;
				LastUpgradeCheck = 0800;
				ORGANIZATIONNAME = mino;
				TargetAttributes = {
					3E8116F3217B202B0008DBE1 = {
						CreatedOnToolsVersion = 8.0;
						DevelopmentTeam = R7ZGAK5G6L;
						ProvisioningStyle = Automatic;
					};
					3E811709217B202C0008DBE1 = {
						CreatedOnToolsVersion = 8.0;
						DevelopmentTeam = R7ZGAK5G6L;
						ProvisioningStyle = Automatic;
						TestTargetID = 3E8116F3217B202B0008DBE1;
					};
					3E811714217B202C0008DBE1 = {
						CreatedOnToolsVersion = 8.0;
						DevelopmentTeam = R7ZGAK5G6L;
						ProvisioningStyle = Automatic;
						TestTargetID = 3E8116F3217B202B0008DBE1;
					};
				};
			};
			buildConfigurationList = 3E8116EF217B202B0008DBE1 /* Build configuration list for PBXProject "SimpleDrawing" */;
			compatibilityVersion = "Xcode 3.2";
			developmentRegion = English;
			hasScannedForEncodings = 0;
			knownRegions = (
				en,
				Base,
			);
			mainGroup = 3E8116EB217B202B0008DBE1;
			productRefGroup = 3E8116F5217B202B0008DBE1 /* Products */;
			projectDirPath = "";
			projectRoot = "";
			targets = (
				3E8116F3217B202B0008DBE1 /* SimpleDrawing */,
				3E811709217B202C0008DBE1 /* SimpleDrawingTests */,
				3E811714217B202C0008DBE1 /* SimpleDrawingUITests */,
			);
		};
/* End PBXProject section */

/* Begin PBXResourcesBuildPhase section */
		3E8116F2217B202B0008DBE1 /* Resources */ = {
			isa = PBXResourcesBuildPhase;
			buildActionMask = 2147483647;
			files = (
				3E811704217B202B0008DBE1 /* LaunchScreen.storyboard in Resources */,
				3E811701217B202B0008DBE1 /* Assets.xcassets in Resources */,
				3E8116FF217B202B0008DBE1 /* Main.storyboard in Resources */,
			);
			runOnlyForDeploymentPostprocessing = 0;
		};
		3E811708217B202C0008DBE1 /* Resources */ = {
			isa = PBXResourcesBuildPhase;
			buildActionMask = 2147483647;
			files = (
			);
			runOnlyForDeploymentPostprocessing = 0;
		};
		3E811713217B202C0008DBE1 /* Resources */ = {
			isa = PBXResourcesBuildPhase;
			buildActionMask = 2147483647;
			files = (
			);
			runOnlyForDeploymentPostprocessing = 0;
		};
/* End PBXResourcesBuildPhase section */

/* Begin PBXSourcesBuildPhase section */
		3E8116F0217B202B0008DBE1 /* Sources */ = {
			isa = PBXSourcesBuildPhase;
			buildActionMask = 2147483647;
			files = (
				3E5925A6217B4AE3000E65A8 /* PreviewScreenViewController.swift in Sources */,
				3E81172A217B2C050008DBE1 /* HistoryViewController.swift in Sources */,
				3E5925A8217B4B47000E65A8 /* DrawScreenViewController.swift in Sources */,
				3E156836217BC51500484A24 /* ColorControl.swift in Sources */,
				3E5925A4217B4087000E65A8 /* DrawModeViewController.swift in Sources */,
				3E811728217B2BED0008DBE1 /* DrawViewController.swift in Sources */,
				3E5925AC217B83C3000E65A8 /* Line.swift in Sources */,
				3E8116F8217B202B0008DBE1 /* AppDelegate.swift in Sources */,
				3E5925AA217B80D7000E65A8 /* DrawAreaView.swift in Sources */,
				3E5925AE217BA6C1000E65A8 /* Color.swift in Sources */,
			);
			runOnlyForDeploymentPostprocessing = 0;
		};
		3E811706217B202C0008DBE1 /* Sources */ = {
			isa = PBXSourcesBuildPhase;
			buildActionMask = 2147483647;
			files = (
				3E81170F217B202C0008DBE1 /* SimpleDrawingTests.swift in Sources */,
			);
			runOnlyForDeploymentPostprocessing = 0;
		};
		3E811711217B202C0008DBE1 /* Sources */ = {
			isa = PBXSourcesBuildPhase;
			buildActionMask = 2147483647;
			files = (
				3E81171A217B202C0008DBE1 /* SimpleDrawingUITests.swift in Sources */,
			);
			runOnlyForDeploymentPostprocessing = 0;
		};
/* End PBXSourcesBuildPhase section */

/* Begin PBXTargetDependency section */
		3E81170C217B202C0008DBE1 /* PBXTargetDependency */ = {
			isa = PBXTargetDependency;
			target = 3E8116F3217B202B0008DBE1 /* SimpleDrawing */;
			targetProxy = 3E81170B217B202C0008DBE1 /* PBXContainerItemProxy */;
		};
		3E811717217B202C0008DBE1 /* PBXTargetDependency */ = {
			isa = PBXTargetDependency;
			target = 3E8116F3217B202B0008DBE1 /* SimpleDrawing */;
			targetProxy = 3E811716217B202C0008DBE1 /* PBXContainerItemProxy */;
		};
/* End PBXTargetDependency section */

/* Begin PBXVariantGroup section */
		3E8116FD217B202B0008DBE1 /* Main.storyboard */ = {
			isa = PBXVariantGroup;
			children = (
				3E8116FE217B202B0008DBE1 /* Base */,
			);
			name = Main.storyboard;
			sourceTree = "<group>";
		};
		3E811702217B202B0008DBE1 /* LaunchScreen.storyboard */ = {
			isa = PBXVariantGroup;
			children = (
				3E811703217B202B0008DBE1 /* Base */,
			);
			name = LaunchScreen.storyboard;
			sourceTree = "<group>";
		};
/* End PBXVariantGroup section */

/* Begin XCBuildConfiguration section */
		3E81171C217B202C0008DBE1 /* Debug */ = {
			isa = XCBuildConfiguration;
			buildSettings = {
				ALWAYS_SEARCH_USER_PATHS = NO;
				CLANG_ANALYZER_NONNULL = YES;
				CLANG_CXX_LANGUAGE_STANDARD = "gnu++0x";
				CLANG_CXX_LIBRARY = "libc++";
				CLANG_ENABLE_MODULES = YES;
				CLANG_ENABLE_OBJC_ARC = YES;
				CLANG_WARN_BOOL_CONVERSION = YES;
				CLANG_WARN_CONSTANT_CONVERSION = YES;
				CLANG_WARN_DIRECT_OBJC_ISA_USAGE = YES_ERROR;
				CLANG_WARN_DOCUMENTATION_COMMENTS = YES;
				CLANG_WARN_EMPTY_BODY = YES;
				CLANG_WARN_ENUM_CONVERSION = YES;
				CLANG_WARN_INFINITE_RECURSION = YES;
				CLANG_WARN_INT_CONVERSION = YES;
				CLANG_WARN_OBJC_ROOT_CLASS = YES_ERROR;
				CLANG_WARN_SUSPICIOUS_MOVES = YES;
				CLANG_WARN_UNREACHABLE_CODE = YES;
				CLANG_WARN__DUPLICATE_METHOD_MATCH = YES;
				"CODE_SIGN_IDENTITY[sdk=iphoneos*]" = "iPhone Developer";
				COPY_PHASE_STRIP = NO;
				DEBUG_INFORMATION_FORMAT = dwarf;
				ENABLE_STRICT_OBJC_MSGSEND = YES;
				ENABLE_TESTABILITY = YES;
				GCC_C_LANGUAGE_STANDARD = gnu99;
				GCC_DYNAMIC_NO_PIC = NO;
				GCC_NO_COMMON_BLOCKS = YES;
				GCC_OPTIMIZATION_LEVEL = 0;
				GCC_PREPROCESSOR_DEFINITIONS = (
					"DEBUG=1",
					"$(inherited)",
				);
				GCC_WARN_64_TO_32_BIT_CONVERSION = YES;
				GCC_WARN_ABOUT_RETURN_TYPE = YES_ERROR;
				GCC_WARN_UNDECLARED_SELECTOR = YES;
				GCC_WARN_UNINITIALIZED_AUTOS = YES_AGGRESSIVE;
				GCC_WARN_UNUSED_FUNCTION = YES;
				GCC_WARN_UNUSED_VARIABLE = YES;
				IPHONEOS_DEPLOYMENT_TARGET = 10.0;
				MTL_ENABLE_DEBUG_INFO = YES;
				ONLY_ACTIVE_ARCH = YES;
				SDKROOT = iphoneos;
				SWIFT_ACTIVE_COMPILATION_CONDITIONS = DEBUG;
				SWIFT_OPTIMIZATION_LEVEL = "-Onone";
				TARGETED_DEVICE_FAMILY = "1,2";
			};
			name = Debug;
		};
		3E81171D217B202C0008DBE1 /* Release */ = {
			isa = XCBuildConfiguration;
			buildSettings = {
				ALWAYS_SEARCH_USER_PATHS = NO;
				CLANG_ANALYZER_NONNULL = YES;
				CLANG_CXX_LANGUAGE_STANDARD = "gnu++0x";
				CLANG_CXX_LIBRARY = "libc++";
				CLANG_ENABLE_MODULES = YES;
				CLANG_ENABLE_OBJC_ARC = YES;
				CLANG_WARN_BOOL_CONVERSION = YES;
				CLANG_WARN_CONSTANT_CONVERSION = YES;
				CLANG_WARN_DIRECT_OBJC_ISA_USAGE = YES_ERROR;
				CLANG_WARN_DOCUMENTATION_COMMENTS = YES;
				CLANG_WARN_EMPTY_BODY = YES;
				CLANG_WARN_ENUM_CONVERSION = YES;
				CLANG_WARN_INFINITE_RECURSION = YES;
				CLANG_WARN_INT_CONVERSION = YES;
				CLANG_WARN_OBJC_ROOT_CLASS = YES_ERROR;
				CLANG_WARN_SUSPICIOUS_MOVES = YES;
				CLANG_WARN_UNREACHABLE_CODE = YES;
				CLANG_WARN__DUPLICATE_METHOD_MATCH = YES;
				"CODE_SIGN_IDENTITY[sdk=iphoneos*]" = "iPhone Developer";
				COPY_PHASE_STRIP = NO;
				DEBUG_INFORMATION_FORMAT = "dwarf-with-dsym";
				ENABLE_NS_ASSERTIONS = NO;
				ENABLE_STRICT_OBJC_MSGSEND = YES;
				GCC_C_LANGUAGE_STANDARD = gnu99;
				GCC_NO_COMMON_BLOCKS = YES;
				GCC_WARN_64_TO_32_BIT_CONVERSION = YES;
				GCC_WARN_ABOUT_RETURN_TYPE = YES_ERROR;
				GCC_WARN_UNDECLARED_SELECTOR = YES;
				GCC_WARN_UNINITIALIZED_AUTOS = YES_AGGRESSIVE;
				GCC_WARN_UNUSED_FUNCTION = YES;
				GCC_WARN_UNUSED_VARIABLE = YES;
				IPHONEOS_DEPLOYMENT_TARGET = 10.0;
				MTL_ENABLE_DEBUG_INFO = NO;
				SDKROOT = iphoneos;
				SWIFT_OPTIMIZATION_LEVEL = "-Owholemodule";
				TARGETED_DEVICE_FAMILY = "1,2";
				VALIDATE_PRODUCT = YES;
			};
			name = Release;
		};
		3E81171F217B202C0008DBE1 /* Debug */ = {
			isa = XCBuildConfiguration;
			buildSettings = {
				ASSETCATALOG_COMPILER_APPICON_NAME = AppIcon;
				DEVELOPMENT_TEAM = R7ZGAK5G6L;
				INFOPLIST_FILE = SimpleDrawing/Info.plist;
				LD_RUNPATH_SEARCH_PATHS = "$(inherited) @executable_path/Frameworks";
				PRODUCT_BUNDLE_IDENTIFIER = mino.SimpleDrawing;
				PRODUCT_NAME = "$(TARGET_NAME)";
				SWIFT_VERSION = 3.0;
			};
			name = Debug;
		};
		3E811720217B202C0008DBE1 /* Release */ = {
			isa = XCBuildConfiguration;
			buildSettings = {
				ASSETCATALOG_COMPILER_APPICON_NAME = AppIcon;
				DEVELOPMENT_TEAM = R7ZGAK5G6L;
				INFOPLIST_FILE = SimpleDrawing/Info.plist;
				LD_RUNPATH_SEARCH_PATHS = "$(inherited) @executable_path/Frameworks";
				PRODUCT_BUNDLE_IDENTIFIER = mino.SimpleDrawing;
				PRODUCT_NAME = "$(TARGET_NAME)";
				SWIFT_VERSION = 3.0;
			};
			name = Release;
		};
		3E811722217B202C0008DBE1 /* Debug */ = {
			isa = XCBuildConfiguration;
			buildSettings = {
				ALWAYS_EMBED_SWIFT_STANDARD_LIBRARIES = YES;
				BUNDLE_LOADER = "$(TEST_HOST)";
				DEVELOPMENT_TEAM = R7ZGAK5G6L;
				INFOPLIST_FILE = SimpleDrawingTests/Info.plist;
				LD_RUNPATH_SEARCH_PATHS = "$(inherited) @executable_path/Frameworks @loader_path/Frameworks";
				PRODUCT_BUNDLE_IDENTIFIER = mino.SimpleDrawingTests;
				PRODUCT_NAME = "$(TARGET_NAME)";
				SWIFT_VERSION = 3.0;
				TEST_HOST = "$(BUILT_PRODUCTS_DIR)/SimpleDrawing.app/SimpleDrawing";
			};
			name = Debug;
		};
		3E811723217B202C0008DBE1 /* Release */ = {
			isa = XCBuildConfiguration;
			buildSettings = {
				ALWAYS_EMBED_SWIFT_STANDARD_LIBRARIES = YES;
				BUNDLE_LOADER = "$(TEST_HOST)";
				DEVELOPMENT_TEAM = R7ZGAK5G6L;
				INFOPLIST_FILE = SimpleDrawingTests/Info.plist;
				LD_RUNPATH_SEARCH_PATHS = "$(inherited) @executable_path/Frameworks @loader_path/Frameworks";
				PRODUCT_BUNDLE_IDENTIFIER = mino.SimpleDrawingTests;
				PRODUCT_NAME = "$(TARGET_NAME)";
				SWIFT_VERSION = 3.0;
				TEST_HOST = "$(BUILT_PRODUCTS_DIR)/SimpleDrawing.app/SimpleDrawing";
			};
			name = Release;
		};
		3E811725217B202C0008DBE1 /* Debug */ = {
			isa = XCBuildConfiguration;
			buildSettings = {
				ALWAYS_EMBED_SWIFT_STANDARD_LIBRARIES = YES;
				DEVELOPMENT_TEAM = R7ZGAK5G6L;
				INFOPLIST_FILE = SimpleDrawingUITests/Info.plist;
				LD_RUNPATH_SEARCH_PATHS = "$(inherited) @executable_path/Frameworks @loader_path/Frameworks";
				PRODUCT_BUNDLE_IDENTIFIER = mino.SimpleDrawingUITests;
				PRODUCT_NAME = "$(TARGET_NAME)";
				SWIFT_VERSION = 3.0;
				TEST_TARGET_NAME = SimpleDrawing;
			};
			name = Debug;
		};
		3E811726217B202C0008DBE1 /* Release */ = {
			isa = XCBuildConfiguration;
			buildSettings = {
				ALWAYS_EMBED_SWIFT_STANDARD_LIBRARIES = YES;
				DEVELOPMENT_TEAM = R7ZGAK5G6L;
				INFOPLIST_FILE = SimpleDrawingUITests/Info.plist;
				LD_RUNPATH_SEARCH_PATHS = "$(inherited) @executable_path/Frameworks @loader_path/Frameworks";
				PRODUCT_BUNDLE_IDENTIFIER = mino.SimpleDrawingUITests;
				PRODUCT_NAME = "$(TARGET_NAME)";
				SWIFT_VERSION = 3.0;
				TEST_TARGET_NAME = SimpleDrawing;
			};
			name = Release;
		};
/* End XCBuildConfiguration section */

/* Begin XCConfigurationList section */
		3E8116EF217B202B0008DBE1 /* Build configuration list for PBXProject "SimpleDrawing" */ = {
			isa = XCConfigurationList;
			buildConfigurations = (
				3E81171C217B202C0008DBE1 /* Debug */,
				3E81171D217B202C0008DBE1 /* Release */,
			);
			defaultConfigurationIsVisible = 0;
			defaultConfigurationName = Release;
		};
		3E81171E217B202C0008DBE1 /* Build configuration list for PBXNativeTarget "SimpleDrawing" */ = {
			isa = XCConfigurationList;
			buildConfigurations = (
				3E81171F217B202C0008DBE1 /* Debug */,
				3E811720217B202C0008DBE1 /* Release */,
			);
			defaultConfigurationIsVisible = 0;
			defaultConfigurationName = Release;
		};
		3E811721217B202C0008DBE1 /* Build configuration list for PBXNativeTarget "SimpleDrawingTests" */ = {
			isa = XCConfigurationList;
			buildConfigurations = (
				3E811722217B202C0008DBE1 /* Debug */,
				3E811723217B202C0008DBE1 /* Release */,
			);
			defaultConfigurationIsVisible = 0;
			defaultConfigurationName = Release;
		};
		3E811724217B202C0008DBE1 /* Build configuration list for PBXNativeTarget "SimpleDrawingUITests" */ = {
			isa = XCConfigurationList;
			buildConfigurations = (
				3E811725217B202C0008DBE1 /* Debug */,
				3E811726217B202C0008DBE1 /* Release */,
			);
			defaultConfigurationIsVisible = 0;
			defaultConfigurationName = Release;
		};
/* End XCConfigurationList section */
	};
	rootObject = 3E8116EC217B202B0008DBE1 /* Project object */;
}
